
Microsoft Visual Studio Solution File, Format Version 12.00
# Visual Studio Version 17
VisualStudioVersion = 17.0.31903.59
MinimumVisualStudioVersion = 10.0.40219.1
Project("{2150E333-8FDC-42A3-9474-1A3956D46DE8}") = "Stocks", "Stocks", "{E31F4C43-6546-494C-A311-0E61CFB4CAE8}"
EndProject
Project("{FAE04EC0-301F-11D3-BF4B-00C04F79EFBC}") = "Stocks.API", "Stocks\Stocks.API\Stocks.API.csproj", "{1AE90ECD-5FB5-4610-8D5B-15961B7B0DB9}"
EndProject
Project("{FAE04EC0-301F-11D3-BF4B-00C04F79EFBC}") = "Stocks.Domain", "Stocks\Stocks.Domain\Stocks.Domain.csproj", "{2548A350-852D-46A9-AE9F-2457C5DB5DD7}"
EndProject
Project("{FAE04EC0-301F-11D3-BF4B-00C04F79EFBC}") = "Stocks.Infrastructure", "Stocks\Stocks.Infrastructure\Stocks.Infrastructure.csproj", "{15BE2E7B-7364-42E3-9D0C-6A9868544B33}"
EndProject
Project("{FAE04EC0-301F-11D3-BF4B-00C04F79EFBC}") = "Stocks.Application", "Stocks\Stocks.Application\Stocks.Application.csproj", "{2B6B03B1-2E08-4EBA-AD87-F85A40DB1FE8}"
EndProject
Project("{2150E333-8FDC-42A3-9474-1A3956D46DE8}") = "Payments", "Payments", "{55337115-9C08-445F-B733-5F93BCADC186}"
EndProject
Project("{FAE04EC0-301F-11D3-BF4B-00C04F79EFBC}") = "Payments.API", "Payments\Payments.API\Payments.API.csproj", "{BAC41318-30D6-4C40-BE64-4736B4159AA8}"
EndProject
Project("{FAE04EC0-301F-11D3-BF4B-00C04F79EFBC}") = "Payments.Domain", "Payments\Payments.Domain\Payments.Domain.csproj", "{66A27FFB-107C-4372-8349-762B9E42D8F8}"
EndProject
Project("{FAE04EC0-301F-11D3-BF4B-00C04F79EFBC}") = "Payments.Infrastructure", "Payments\Payments.Infrastructure\Payments.Infrastructure.csproj", "{EA01712A-5788-4E4E-8EA2-1F6881F957B0}"
EndProject
Project("{FAE04EC0-301F-11D3-BF4B-00C04F79EFBC}") = "Payments.Application", "Payments\Payments.Application\Payments.Application.csproj", "{7450D4FC-FABE-4153-8DED-A8B81EB08CB1}"
EndProject
Project("{2150E333-8FDC-42A3-9474-1A3956D46DE8}") = "Inventories", "Inventories", "{52407A01-5ADC-47D1-B405-BBC760C205EC}"
EndProject
Project("{FAE04EC0-301F-11D3-BF4B-00C04F79EFBC}") = "Inventories.API", "Inventories\Inventories.API\Inventories.API.csproj", "{83E7209F-1926-4F15-B31E-70B8FF2EB8B8}"
EndProject
Project("{FAE04EC0-301F-11D3-BF4B-00C04F79EFBC}") = "Inventories.Domain", "Inventories\Inventories.Domain\Inventories.Domain.csproj", "{674B50C9-AEB5-47F5-A97F-672A371F77EC}"
EndProject
Project("{FAE04EC0-301F-11D3-BF4B-00C04F79EFBC}") = "Inventories.Infrastructure", "Inventories\Inventories.Infrastructure\Inventories.Infrastructure.csproj", "{7791B824-E1D3-4EF8-8785-C7F6992AD28B}"
EndProject
Project("{FAE04EC0-301F-11D3-BF4B-00C04F79EFBC}") = "Inventories.Application", "Inventories\Inventories.Application\Inventories.Application.csproj", "{5D645A7D-68F2-4318-BA6C-293EC18FEDE7}"
EndProject
Project("{2150E333-8FDC-42A3-9474-1A3956D46DE8}") = "Orders", "Orders", "{FB0F5606-DDB4-4A99-BE25-E32368571ABA}"
EndProject
Project("{FAE04EC0-301F-11D3-BF4B-00C04F79EFBC}") = "Orders.API", "Orders\Orders.API\Orders.API.csproj", "{49733B6D-4B04-49CE-BD17-4D0E58CF7634}"
EndProject
Project("{FAE04EC0-301F-11D3-BF4B-00C04F79EFBC}") = "Orders.Domain", "Orders\Orders.Domain\Orders.Domain.csproj", "{9A20EA35-ABD5-4408-9A41-88798F4A9C15}"
EndProject
Project("{FAE04EC0-301F-11D3-BF4B-00C04F79EFBC}") = "Orders.Infrastructure", "Orders\Orders.Infrastructure\Orders.Infrastructure.csproj", "{89DEE691-03FD-4C54-A1C2-24B317EB6C9D}"
EndProject
Project("{FAE04EC0-301F-11D3-BF4B-00C04F79EFBC}") = "Orders.Application", "Orders\Orders.Application\Orders.Application.csproj", "{2D98C7F6-5814-4036-9BD5-02B40A25A92E}"
EndProject
Project("{2150E333-8FDC-42A3-9474-1A3956D46DE8}") = "Orchestrators", "Orchestrators", "{99BF766B-6A55-4CCB-82E6-022F48BE5FB0}"
EndProject
Project("{FAE04EC0-301F-11D3-BF4B-00C04F79EFBC}") = "Orchestrators.API", "Orchestrators\Orchestrators.API\Orchestrators.API.csproj", "{5523A0F0-FA23-431A-A91E-AE3BCDC55161}"
EndProject
Project("{FAE04EC0-301F-11D3-BF4B-00C04F79EFBC}") = "Orchestrators.Domain", "Orchestrators\Orchestrators.Domain\Orchestrators.Domain.csproj", "{0BCB0AE7-B0E7-4404-9852-0496E4840978}"
EndProject
Project("{FAE04EC0-301F-11D3-BF4B-00C04F79EFBC}") = "Orchestrators.Infrastructure", "Orchestrators\Orchestrators.Infrastructure\Orchestrators.Infrastructure.csproj", "{6B1B802B-CB49-489C-AA98-12B0213BFCB4}"
EndProject
Project("{FAE04EC0-301F-11D3-BF4B-00C04F79EFBC}") = "Orchestrators.Application", "Orchestrators\Orchestrators.Application\Orchestrators.Application.csproj", "{3DE968B0-E4EC-425E-900F-6923A7CEC683}"
EndProject
Global
	GlobalSection(SolutionConfigurationPlatforms) = preSolution
		Debug|Any CPU = Debug|Any CPU
		Release|Any CPU = Release|Any CPU
	EndGlobalSection
	GlobalSection(SolutionProperties) = preSolution
		HideSolutionNode = FALSE
	EndGlobalSection
	GlobalSection(ProjectConfigurationPlatforms) = postSolution
		{1AE90ECD-5FB5-4610-8D5B-15961B7B0DB9}.Debug|Any CPU.ActiveCfg = Debug|Any CPU
		{1AE90ECD-5FB5-4610-8D5B-15961B7B0DB9}.Debug|Any CPU.Build.0 = Debug|Any CPU
		{1AE90ECD-5FB5-4610-8D5B-15961B7B0DB9}.Release|Any CPU.ActiveCfg = Release|Any CPU
		{1AE90ECD-5FB5-4610-8D5B-15961B7B0DB9}.Release|Any CPU.Build.0 = Release|Any CPU
		{2548A350-852D-46A9-AE9F-2457C5DB5DD7}.Debug|Any CPU.ActiveCfg = Debug|Any CPU
		{2548A350-852D-46A9-AE9F-2457C5DB5DD7}.Debug|Any CPU.Build.0 = Debug|Any CPU
		{2548A350-852D-46A9-AE9F-2457C5DB5DD7}.Release|Any CPU.ActiveCfg = Release|Any CPU
		{2548A350-852D-46A9-AE9F-2457C5DB5DD7}.Release|Any CPU.Build.0 = Release|Any CPU
		{15BE2E7B-7364-42E3-9D0C-6A9868544B33}.Debug|Any CPU.ActiveCfg = Debug|Any CPU
		{15BE2E7B-7364-42E3-9D0C-6A9868544B33}.Debug|Any CPU.Build.0 = Debug|Any CPU
		{15BE2E7B-7364-42E3-9D0C-6A9868544B33}.Release|Any CPU.ActiveCfg = Release|Any CPU
		{15BE2E7B-7364-42E3-9D0C-6A9868544B33}.Release|Any CPU.Build.0 = Release|Any CPU
		{2B6B03B1-2E08-4EBA-AD87-F85A40DB1FE8}.Debug|Any CPU.ActiveCfg = Debug|Any CPU
		{2B6B03B1-2E08-4EBA-AD87-F85A40DB1FE8}.Debug|Any CPU.Build.0 = Debug|Any CPU
		{2B6B03B1-2E08-4EBA-AD87-F85A40DB1FE8}.Release|Any CPU.ActiveCfg = Release|Any CPU
		{2B6B03B1-2E08-4EBA-AD87-F85A40DB1FE8}.Release|Any CPU.Build.0 = Release|Any CPU
		{BAC41318-30D6-4C40-BE64-4736B4159AA8}.Debug|Any CPU.ActiveCfg = Debug|Any CPU
		{BAC41318-30D6-4C40-BE64-4736B4159AA8}.Debug|Any CPU.Build.0 = Debug|Any CPU
		{BAC41318-30D6-4C40-BE64-4736B4159AA8}.Release|Any CPU.ActiveCfg = Release|Any CPU
		{BAC41318-30D6-4C40-BE64-4736B4159AA8}.Release|Any CPU.Build.0 = Release|Any CPU
		{66A27FFB-107C-4372-8349-762B9E42D8F8}.Debug|Any CPU.ActiveCfg = Debug|Any CPU
		{66A27FFB-107C-4372-8349-762B9E42D8F8}.Debug|Any CPU.Build.0 = Debug|Any CPU
		{66A27FFB-107C-4372-8349-762B9E42D8F8}.Release|Any CPU.ActiveCfg = Release|Any CPU
		{66A27FFB-107C-4372-8349-762B9E42D8F8}.Release|Any CPU.Build.0 = Release|Any CPU
		{EA01712A-5788-4E4E-8EA2-1F6881F957B0}.Debug|Any CPU.ActiveCfg = Debug|Any CPU
		{EA01712A-5788-4E4E-8EA2-1F6881F957B0}.Debug|Any CPU.Build.0 = Debug|Any CPU
		{EA01712A-5788-4E4E-8EA2-1F6881F957B0}.Release|Any CPU.ActiveCfg = Release|Any CPU
		{EA01712A-5788-4E4E-8EA2-1F6881F957B0}.Release|Any CPU.Build.0 = Release|Any CPU
		{7450D4FC-FABE-4153-8DED-A8B81EB08CB1}.Debug|Any CPU.ActiveCfg = Debug|Any CPU
		{7450D4FC-FABE-4153-8DED-A8B81EB08CB1}.Debug|Any CPU.Build.0 = Debug|Any CPU
		{7450D4FC-FABE-4153-8DED-A8B81EB08CB1}.Release|Any CPU.ActiveCfg = Release|Any CPU
		{7450D4FC-FABE-4153-8DED-A8B81EB08CB1}.Release|Any CPU.Build.0 = Release|Any CPU
		{83E7209F-1926-4F15-B31E-70B8FF2EB8B8}.Debug|Any CPU.ActiveCfg = Debug|Any CPU
		{83E7209F-1926-4F15-B31E-70B8FF2EB8B8}.Debug|Any CPU.Build.0 = Debug|Any CPU
		{83E7209F-1926-4F15-B31E-70B8FF2EB8B8}.Release|Any CPU.ActiveCfg = Release|Any CPU
		{83E7209F-1926-4F15-B31E-70B8FF2EB8B8}.Release|Any CPU.Build.0 = Release|Any CPU
		{674B50C9-AEB5-47F5-A97F-672A371F77EC}.Debug|Any CPU.ActiveCfg = Debug|Any CPU
		{674B50C9-AEB5-47F5-A97F-672A371F77EC}.Debug|Any CPU.Build.0 = Debug|Any CPU
		{674B50C9-AEB5-47F5-A97F-672A371F77EC}.Release|Any CPU.ActiveCfg = Release|Any CPU
		{674B50C9-AEB5-47F5-A97F-672A371F77EC}.Release|Any CPU.Build.0 = Release|Any CPU
		{7791B824-E1D3-4EF8-8785-C7F6992AD28B}.Debug|Any CPU.ActiveCfg = Debug|Any CPU
		{7791B824-E1D3-4EF8-8785-C7F6992AD28B}.Debug|Any CPU.Build.0 = Debug|Any CPU
		{7791B824-E1D3-4EF8-8785-C7F6992AD28B}.Release|Any CPU.ActiveCfg = Release|Any CPU
		{7791B824-E1D3-4EF8-8785-C7F6992AD28B}.Release|Any CPU.Build.0 = Release|Any CPU
		{5D645A7D-68F2-4318-BA6C-293EC18FEDE7}.Debug|Any CPU.ActiveCfg = Debug|Any CPU
		{5D645A7D-68F2-4318-BA6C-293EC18FEDE7}.Debug|Any CPU.Build.0 = Debug|Any CPU
		{5D645A7D-68F2-4318-BA6C-293EC18FEDE7}.Release|Any CPU.ActiveCfg = Release|Any CPU
		{5D645A7D-68F2-4318-BA6C-293EC18FEDE7}.Release|Any CPU.Build.0 = Release|Any CPU
		{49733B6D-4B04-49CE-BD17-4D0E58CF7634}.Debug|Any CPU.ActiveCfg = Debug|Any CPU
		{49733B6D-4B04-49CE-BD17-4D0E58CF7634}.Debug|Any CPU.Build.0 = Debug|Any CPU
		{49733B6D-4B04-49CE-BD17-4D0E58CF7634}.Release|Any CPU.ActiveCfg = Release|Any CPU
		{49733B6D-4B04-49CE-BD17-4D0E58CF7634}.Release|Any CPU.Build.0 = Release|Any CPU
		{9A20EA35-ABD5-4408-9A41-88798F4A9C15}.Debug|Any CPU.ActiveCfg = Debug|Any CPU
		{9A20EA35-ABD5-4408-9A41-88798F4A9C15}.Debug|Any CPU.Build.0 = Debug|Any CPU
		{9A20EA35-ABD5-4408-9A41-88798F4A9C15}.Release|Any CPU.ActiveCfg = Release|Any CPU
		{9A20EA35-ABD5-4408-9A41-88798F4A9C15}.Release|Any CPU.Build.0 = Release|Any CPU
		{89DEE691-03FD-4C54-A1C2-24B317EB6C9D}.Debug|Any CPU.ActiveCfg = Debug|Any CPU
		{89DEE691-03FD-4C54-A1C2-24B317EB6C9D}.Debug|Any CPU.Build.0 = Debug|Any CPU
		{89DEE691-03FD-4C54-A1C2-24B317EB6C9D}.Release|Any CPU.ActiveCfg = Release|Any CPU
		{89DEE691-03FD-4C54-A1C2-24B317EB6C9D}.Release|Any CPU.Build.0 = Release|Any CPU
		{2D98C7F6-5814-4036-9BD5-02B40A25A92E}.Debug|Any CPU.ActiveCfg = Debug|Any CPU
		{2D98C7F6-5814-4036-9BD5-02B40A25A92E}.Debug|Any CPU.Build.0 = Debug|Any CPU
		{2D98C7F6-5814-4036-9BD5-02B40A25A92E}.Release|Any CPU.ActiveCfg = Release|Any CPU
		{2D98C7F6-5814-4036-9BD5-02B40A25A92E}.Release|Any CPU.Build.0 = Release|Any CPU
		{5523A0F0-FA23-431A-A91E-AE3BCDC55161}.Debug|Any CPU.ActiveCfg = Debug|Any CPU
		{5523A0F0-FA23-431A-A91E-AE3BCDC55161}.Debug|Any CPU.Build.0 = Debug|Any CPU
		{5523A0F0-FA23-431A-A91E-AE3BCDC55161}.Release|Any CPU.ActiveCfg = Release|Any CPU
		{5523A0F0-FA23-431A-A91E-AE3BCDC55161}.Release|Any CPU.Build.0 = Release|Any CPU
		{0BCB0AE7-B0E7-4404-9852-0496E4840978}.Debug|Any CPU.ActiveCfg = Debug|Any CPU
		{0BCB0AE7-B0E7-4404-9852-0496E4840978}.Debug|Any CPU.Build.0 = Debug|Any CPU
		{0BCB0AE7-B0E7-4404-9852-0496E4840978}.Release|Any CPU.ActiveCfg = Release|Any CPU
		{0BCB0AE7-B0E7-4404-9852-0496E4840978}.Release|Any CPU.Build.0 = Release|Any CPU
		{6B1B802B-CB49-489C-AA98-12B0213BFCB4}.Debug|Any CPU.ActiveCfg = Debug|Any CPU
		{6B1B802B-CB49-489C-AA98-12B0213BFCB4}.Debug|Any CPU.Build.0 = Debug|Any CPU
		{6B1B802B-CB49-489C-AA98-12B0213BFCB4}.Release|Any CPU.ActiveCfg = Release|Any CPU
		{6B1B802B-CB49-489C-AA98-12B0213BFCB4}.Release|Any CPU.Build.0 = Release|Any CPU
		{3DE968B0-E4EC-425E-900F-6923A7CEC683}.Debug|Any CPU.ActiveCfg = Debug|Any CPU
		{3DE968B0-E4EC-425E-900F-6923A7CEC683}.Debug|Any CPU.Build.0 = Debug|Any CPU
		{3DE968B0-E4EC-425E-900F-6923A7CEC683}.Release|Any CPU.ActiveCfg = Release|Any CPU
		{3DE968B0-E4EC-425E-900F-6923A7CEC683}.Release|Any CPU.Build.0 = Release|Any CPU
	EndGlobalSection
	GlobalSection(NestedProjects) = preSolution
		{1AE90ECD-5FB5-4610-8D5B-15961B7B0DB9} = {E31F4C43-6546-494C-A311-0E61CFB4CAE8}
		{2548A350-852D-46A9-AE9F-2457C5DB5DD7} = {E31F4C43-6546-494C-A311-0E61CFB4CAE8}
		{15BE2E7B-7364-42E3-9D0C-6A9868544B33} = {E31F4C43-6546-494C-A311-0E61CFB4CAE8}
		{2B6B03B1-2E08-4EBA-AD87-F85A40DB1FE8} = {E31F4C43-6546-494C-A311-0E61CFB4CAE8}
		{BAC41318-30D6-4C40-BE64-4736B4159AA8} = {55337115-9C08-445F-B733-5F93BCADC186}
		{66A27FFB-107C-4372-8349-762B9E42D8F8} = {55337115-9C08-445F-B733-5F93BCADC186}
		{EA01712A-5788-4E4E-8EA2-1F6881F957B0} = {55337115-9C08-445F-B733-5F93BCADC186}
		{7450D4FC-FABE-4153-8DED-A8B81EB08CB1} = {55337115-9C08-445F-B733-5F93BCADC186}
		{83E7209F-1926-4F15-B31E-70B8FF2EB8B8} = {52407A01-5ADC-47D1-B405-BBC760C205EC}
		{674B50C9-AEB5-47F5-A97F-672A371F77EC} = {52407A01-5ADC-47D1-B405-BBC760C205EC}
		{7791B824-E1D3-4EF8-8785-C7F6992AD28B} = {52407A01-5ADC-47D1-B405-BBC760C205EC}
		{5D645A7D-68F2-4318-BA6C-293EC18FEDE7} = {52407A01-5ADC-47D1-B405-BBC760C205EC}
		{49733B6D-4B04-49CE-BD17-4D0E58CF7634} = {FB0F5606-DDB4-4A99-BE25-E32368571ABA}
		{9A20EA35-ABD5-4408-9A41-88798F4A9C15} = {FB0F5606-DDB4-4A99-BE25-E32368571ABA}
		{89DEE691-03FD-4C54-A1C2-24B317EB6C9D} = {FB0F5606-DDB4-4A99-BE25-E32368571ABA}
		{2D98C7F6-5814-4036-9BD5-02B40A25A92E} = {FB0F5606-DDB4-4A99-BE25-E32368571ABA}
		{5523A0F0-FA23-431A-A91E-AE3BCDC55161} = {99BF766B-6A55-4CCB-82E6-022F48BE5FB0}
		{0BCB0AE7-B0E7-4404-9852-0496E4840978} = {99BF766B-6A55-4CCB-82E6-022F48BE5FB0}
		{6B1B802B-CB49-489C-AA98-12B0213BFCB4} = {99BF766B-6A55-4CCB-82E6-022F48BE5FB0}
		{3DE968B0-E4EC-425E-900F-6923A7CEC683} = {99BF766B-6A55-4CCB-82E6-022F48BE5FB0}
	EndGlobalSection
EndGlobal
