
Microsoft Visual Studio Solution File, Format Version 12.00
# Visual Studio Version 17
VisualStudioVersion = 17.0.31903.59
MinimumVisualStudioVersion = 10.0.40219.1
Project("{FAE04EC0-301F-11D3-BF4B-00C04F79EFBC}") = "product-service", "product-service\product-service.csproj", "{1AE90ECD-5FB5-4610-8D5B-15961B7B0DB9}"
EndProject
Project("{FAE04EC0-301F-11D3-BF4B-00C04F79EFBC}") = "payment-service", "payment-service\payment-service.csproj", "{BAC41318-30D6-4C40-BE64-4736B4159AA8}"
EndProject
Project("{FAE04EC0-301F-11D3-BF4B-00C04F79EFBC}") = "inventory-service", "inventory-service\inventory-service.csproj", "{83E7209F-1926-4F15-B31E-70B8FF2EB8B8}"
EndProject
Project("{FAE04EC0-301F-11D3-BF4B-00C04F79EFBC}") = "order-service", "order-service\order-service.csproj", "{49733B6D-4B04-49CE-BD17-4D0E58CF7634}"
EndProject
Project("{FAE04EC0-301F-11D3-BF4B-00C04F79EFBC}") = "orchestrator-service", "orchestrator-service\orchestrator-service.csproj", "{5523A0F0-FA23-431A-A91E-AE3BCDC55161}"
EndProject
Global
	GlobalSection(SolutionConfigurationPlatforms) = preSolution
		Debug|Any CPU = Debug|Any CPU
		Release|Any CPU = Release|Any CPU
	EndGlobalSection
	GlobalSection(SolutionProperties) = preSolution
		HideSolutionNode = FALSE
	EndGlobalSection
	GlobalSection(ProjectConfigurationPlatforms) = postSolution
		{1AE90ECD-5FB5-4610-8D5B-15961B7B0DB9}.Debug|Any CPU.ActiveCfg = Debug|Any CPU
		{1AE90ECD-5FB5-4610-8D5B-15961B7B0DB9}.Debug|Any CPU.Build.0 = Debug|Any CPU
		{1AE90ECD-5FB5-4610-8D5B-15961B7B0DB9}.Release|Any CPU.ActiveCfg = Release|Any CPU
		{1AE90ECD-5FB5-4610-8D5B-15961B7B0DB9}.Release|Any CPU.Build.0 = Release|Any CPU
		{BAC41318-30D6-4C40-BE64-4736B4159AA8}.Debug|Any CPU.ActiveCfg = Debug|Any CPU
		{BAC41318-30D6-4C40-BE64-4736B4159AA8}.Debug|Any CPU.Build.0 = Debug|Any CPU
		{BAC41318-30D6-4C40-BE64-4736B4159AA8}.Release|Any CPU.ActiveCfg = Release|Any CPU
		{BAC41318-30D6-4C40-BE64-4736B4159AA8}.Release|Any CPU.Build.0 = Release|Any CPU
		{83E7209F-1926-4F15-B31E-70B8FF2EB8B8}.Debug|Any CPU.ActiveCfg = Debug|Any CPU
		{83E7209F-1926-4F15-B31E-70B8FF2EB8B8}.Debug|Any CPU.Build.0 = Debug|Any CPU
		{83E7209F-1926-4F15-B31E-70B8FF2EB8B8}.Release|Any CPU.ActiveCfg = Release|Any CPU
		{83E7209F-1926-4F15-B31E-70B8FF2EB8B8}.Release|Any CPU.Build.0 = Release|Any CPU
		{49733B6D-4B04-49CE-BD17-4D0E58CF7634}.Debug|Any CPU.ActiveCfg = Debug|Any CPU
		{49733B6D-4B04-49CE-BD17-4D0E58CF7634}.Debug|Any CPU.Build.0 = Debug|Any CPU
		{49733B6D-4B04-49CE-BD17-4D0E58CF7634}.Release|Any CPU.ActiveCfg = Release|Any CPU
		{49733B6D-4B04-49CE-BD17-4D0E58CF7634}.Release|Any CPU.Build.0 = Release|Any CPU
		{5523A0F0-FA23-431A-A91E-AE3BCDC55161}.Debug|Any CPU.ActiveCfg = Debug|Any CPU
		{5523A0F0-FA23-431A-A91E-AE3BCDC55161}.Debug|Any CPU.Build.0 = Debug|Any CPU
		{5523A0F0-FA23-431A-A91E-AE3BCDC55161}.Release|Any CPU.ActiveCfg = Release|Any CPU
		{5523A0F0-FA23-431A-A91E-AE3BCDC55161}.Release|Any CPU.Build.0 = Release|Any CPU
	EndGlobalSection
	GlobalSection(NestedProjects) = preSolution
	EndGlobalSection
EndGlobal
